{
  "name": "cli2",
  "version": "0.0.1",
  "lockfileVersion": 1,
  "requires": true,
  "dependencies": {
    "@types/commander": {
      "version": "2.12.2",
      "resolved": "https://registry.npm.taobao.org/@types/commander/download/@types/commander-2.12.2.tgz",
      "integrity": "sha1-GDBBojhC1CgUePpdI8XKeOb9CK4=",
      "requires": {
        "commander": "*"
      }
    },
    "@types/fs-extra": {
      "version": "9.0.1",
      "resolved": "https://registry.npm.taobao.org/@types/fs-extra/download/@types/fs-extra-9.0.1.tgz?cache=0&sync_timestamp=1589912820343&other_urls=https%3A%2F%2Fregistry.npm.taobao.org%2F%40types%2Ffs-extra%2Fdownload%2F%40types%2Ffs-extra-9.0.1.tgz",
      "integrity": "sha1-kcj8TFH21dvkTCypqwkxC9AMeRg=",
      "requires": {
        "@types/node": "*"
      }
    },
    "@types/handlebars": {
      "version": "4.1.0",
      "resolved": "https://registry.npm.taobao.org/@types/handlebars/download/@types/handlebars-4.1.0.tgz",
      "integrity": "sha1-P8zpv4j4X+c9yTIkCrP7aCxiSFA=",
      "requires": {
        "handlebars": "*"
      }
    },
    "@types/inquirer": {
      "version": "6.5.0",
      "resolved": "https://registry.npm.taobao.org/@types/inquirer/download/@types/inquirer-6.5.0.tgz",
      "integrity": "sha1-uDsL8wuIuL5yRtQOUdMv6dEOCb4=",
      "requires": {
        "@types/through": "*",
        "rxjs": "^6.4.0"
      }
    },
    "@types/node": {
      "version": "14.0.20",
      "resolved": "https://registry.npm.taobao.org/@types/node/download/@types/node-14.0.20.tgz?cache=0&other_urls=https%3A%2F%2Fregistry.npm.taobao.org%2F%40types%2Fnode%2Fdownload%2F%40types%2Fnode-14.0.20.tgz",
      "integrity": "sha1-DaBc3bx2Hh+piviKFyRMjB/zcjE="
    },
    "@types/through": {
      "version": "0.0.30",
      "resolved": "https://registry.npm.taobao.org/@types/through/download/@types/through-0.0.30.tgz",
      "integrity": "sha1-4OQs536Je9aurW9upirrE1uKOJU=",
      "requires": {
        "@types/node": "*"
      }
    },
    "@types/xml2js": {
      "version": "0.4.5",
      "resolved": "https://registry.npm.taobao.org/@types/xml2js/download/@types/xml2js-0.4.5.tgz",
      "integrity": "sha1-0hdZsFbygtnHBm8Vu/XBm5CPIvo=",
      "requires": {
        "@types/node": "*"
      }
    },
    "commander": {
      "version": "5.1.0",
      "resolved": "https://registry.npm.taobao.org/commander/download/commander-5.1.0.tgz?cache=0&sync_timestamp=1592632033071&other_urls=https%3A%2F%2Fregistry.npm.taobao.org%2Fcommander%2Fdownload%2Fcommander-5.1.0.tgz",
      "integrity": "sha1-Rqu9FlL44Fm92u+Zu9yyrZzxea4="
    },
    "handlebars": {
      "version": "4.7.6",
      "resolved": "https://registry.npm.taobao.org/handlebars/download/handlebars-4.7.6.tgz?cache=0&sync_timestamp=1585937700804&other_urls=https%3A%2F%2Fregistry.npm.taobao.org%2Fhandlebars%2Fdownload%2Fhandlebars-4.7.6.tgz",
      "integrity": "sha1-1MBcG6+Q6ZRfd6pop6IZqkp9904=",
      "requires": {
        "minimist": "^1.2.5",
        "neo-async": "^2.6.0",
        "source-map": "^0.6.1",
        "uglify-js": "^3.1.4",
        "wordwrap": "^1.0.0"
      }
    },
    "minimist": {
      "version": "1.2.5",
      "resolved": "https://registry.npm.taobao.org/minimist/download/minimist-1.2.5.tgz",
      "integrity": "sha1-Z9ZgFLZqaoqqDAg8X9WN9OTpdgI="
    },
    "neo-async": {
      "version": "2.6.1",
      "resolved": "https://registry.npm.taobao.org/neo-async/download/neo-async-2.6.1.tgz",
      "integrity": "sha1-rCetpmFn+ohJpq3dg39rGJrSCBw="
    },
    "rxjs": {
      "version": "6.6.0",
      "resolved": "https://registry.npm.taobao.org/rxjs/download/rxjs-6.6.0.tgz?cache=0&sync_timestamp=1593794887039&other_urls=https%3A%2F%2Fregistry.npm.taobao.org%2Frxjs%2Fdownload%2Frxjs-6.6.0.tgz",
      "integrity": "sha1-rykB7t8C46g/+n+IYkD/kBi77IQ=",
      "requires": {
        "tslib": "^1.9.0"
      }
    },
    "source-map": {
      "version": "0.6.1",
      "resolved": "https://registry.npm.taobao.org/source-map/download/source-map-0.6.1.tgz",
      "integrity": "sha1-dHIq8y6WFOnCh6jQu95IteLxomM="
    },
    "tslib": {
      "version": "1.13.0",
      "resolved": "https://registry.npm.taobao.org/tslib/download/tslib-1.13.0.tgz",
      "integrity": "sha1-yIHhPMcBWJTtkUhi0nZDb6mkcEM="
    },
    "uglify-js": {
      "version": "3.10.0",
      "resolved": "https://registry.npm.taobao.org/uglify-js/download/uglify-js-3.10.0.tgz",
      "integrity": "sha1-OXp+bjHOggv9HLVbgE7hQMWHqec=",
      "optional": true
    },
    "wordwrap": {
      "version": "1.0.0",
      "resolved": "https://registry.npm.taobao.org/wordwrap/download/wordwrap-1.0.0.tgz",
      "integrity": "sha1-J1hIEIkUVqQXHI0CJkQa3pDLyus="
    }
  }
}
